# This file was autogenerated by Stack.
# You should not edit this file by hand.
# For more information, please see the documentation at:
#   https://docs.haskellstack.org/en/stable/lock_files

packages: []
snapshots:
- completed:
    sha256: c6abdaa1a373ef253607af40aae8a09db18d7563862dafdd5785e8eb9225ddec
    size: 643197
    url: https://raw.githubusercontent.com/commercialhaskell/stackage-snapshots/master/nightly/2022/10/8.yaml
  original: nightly-2022-10-08
